
Microsoft Visual Studio Solution File, Format Version 11.00
# Visual Studio 2010
Project("{8BC9CEB8-8B4A-11D0-8D11-00A0C91BC942}") = "DirectSound", "DirectSound\DirectSound.vcxproj", "{D062CD61-47D8-495F-B5FA-9A8D8E55CFF8}"
EndProject
Project("{FAE04EC0-301F-11D3-BF4B-00C04F79EFBC}") = "DirectSoundLib", "DirectSoundLib\DirectSoundLib.csproj", "{E3D25FF3-885B-4C7B-A352-56CEF596EB17}"
EndProject
Project("{FAE04EC0-301F-11D3-BF4B-00C04F79EFBC}") = "DirectSoundClient", "DirectSoundClient\DirectSoundClient.csproj", "{7E800A63-91D5-42A7-B94D-D2FAA342F820}"
EndProject
Project("{F088123C-0E9E-452A-89E6-6BA2F21D5CAC}") = "ModelingProject", "ModelingProject\ModelingProject.modelproj", "{D10E9B02-F12E-482C-B58D-3EA743238223}"
EndProject
Global
	GlobalSection(SolutionConfigurationPlatforms) = preSolution
		Debug|Any CPU = Debug|Any CPU
		Debug|Mixed Platforms = Debug|Mixed Platforms
		Debug|Win32 = Debug|Win32
		Debug|x86 = Debug|x86
		Release|Any CPU = Release|Any CPU
		Release|Mixed Platforms = Release|Mixed Platforms
		Release|Win32 = Release|Win32
		Release|x86 = Release|x86
	EndGlobalSection
	GlobalSection(ProjectConfigurationPlatforms) = postSolution
		{D062CD61-47D8-495F-B5FA-9A8D8E55CFF8}.Debug|Any CPU.ActiveCfg = Debug|Win32
		{D062CD61-47D8-495F-B5FA-9A8D8E55CFF8}.Debug|Mixed Platforms.ActiveCfg = Debug|Win32
		{D062CD61-47D8-495F-B5FA-9A8D8E55CFF8}.Debug|Mixed Platforms.Build.0 = Debug|Win32
		{D062CD61-47D8-495F-B5FA-9A8D8E55CFF8}.Debug|Win32.ActiveCfg = Debug|Win32
		{D062CD61-47D8-495F-B5FA-9A8D8E55CFF8}.Debug|Win32.Build.0 = Debug|Win32
		{D062CD61-47D8-495F-B5FA-9A8D8E55CFF8}.Debug|x86.ActiveCfg = Debug|Win32
		{D062CD61-47D8-495F-B5FA-9A8D8E55CFF8}.Release|Any CPU.ActiveCfg = Release|Win32
		{D062CD61-47D8-495F-B5FA-9A8D8E55CFF8}.Release|Mixed Platforms.ActiveCfg = Release|Win32
		{D062CD61-47D8-495F-B5FA-9A8D8E55CFF8}.Release|Mixed Platforms.Build.0 = Release|Win32
		{D062CD61-47D8-495F-B5FA-9A8D8E55CFF8}.Release|Win32.ActiveCfg = Release|Win32
		{D062CD61-47D8-495F-B5FA-9A8D8E55CFF8}.Release|Win32.Build.0 = Release|Win32
		{D062CD61-47D8-495F-B5FA-9A8D8E55CFF8}.Release|x86.ActiveCfg = Release|Win32
		{E3D25FF3-885B-4C7B-A352-56CEF596EB17}.Debug|Any CPU.ActiveCfg = Debug|Any CPU
		{E3D25FF3-885B-4C7B-A352-56CEF596EB17}.Debug|Any CPU.Build.0 = Debug|Any CPU
		{E3D25FF3-885B-4C7B-A352-56CEF596EB17}.Debug|Mixed Platforms.ActiveCfg = Debug|Any CPU
		{E3D25FF3-885B-4C7B-A352-56CEF596EB17}.Debug|Mixed Platforms.Build.0 = Debug|Any CPU
		{E3D25FF3-885B-4C7B-A352-56CEF596EB17}.Debug|Win32.ActiveCfg = Debug|Any CPU
		{E3D25FF3-885B-4C7B-A352-56CEF596EB17}.Debug|x86.ActiveCfg = Debug|Any CPU
		{E3D25FF3-885B-4C7B-A352-56CEF596EB17}.Release|Any CPU.ActiveCfg = Release|Any CPU
		{E3D25FF3-885B-4C7B-A352-56CEF596EB17}.Release|Any CPU.Build.0 = Release|Any CPU
		{E3D25FF3-885B-4C7B-A352-56CEF596EB17}.Release|Mixed Platforms.ActiveCfg = Release|Any CPU
		{E3D25FF3-885B-4C7B-A352-56CEF596EB17}.Release|Mixed Platforms.Build.0 = Release|Any CPU
		{E3D25FF3-885B-4C7B-A352-56CEF596EB17}.Release|Win32.ActiveCfg = Release|Any CPU
		{E3D25FF3-885B-4C7B-A352-56CEF596EB17}.Release|x86.ActiveCfg = Release|Any CPU
		{7E800A63-91D5-42A7-B94D-D2FAA342F820}.Debug|Any CPU.ActiveCfg = Debug|x86
		{7E800A63-91D5-42A7-B94D-D2FAA342F820}.Debug|Mixed Platforms.ActiveCfg = Debug|x86
		{7E800A63-91D5-42A7-B94D-D2FAA342F820}.Debug|Mixed Platforms.Build.0 = Debug|x86
		{7E800A63-91D5-42A7-B94D-D2FAA342F820}.Debug|Win32.ActiveCfg = Debug|x86
		{7E800A63-91D5-42A7-B94D-D2FAA342F820}.Debug|x86.ActiveCfg = Debug|x86
		{7E800A63-91D5-42A7-B94D-D2FAA342F820}.Debug|x86.Build.0 = Debug|x86
		{7E800A63-91D5-42A7-B94D-D2FAA342F820}.Release|Any CPU.ActiveCfg = Release|x86
		{7E800A63-91D5-42A7-B94D-D2FAA342F820}.Release|Mixed Platforms.ActiveCfg = Release|x86
		{7E800A63-91D5-42A7-B94D-D2FAA342F820}.Release|Mixed Platforms.Build.0 = Release|x86
		{7E800A63-91D5-42A7-B94D-D2FAA342F820}.Release|Win32.ActiveCfg = Release|x86
		{7E800A63-91D5-42A7-B94D-D2FAA342F820}.Release|x86.ActiveCfg = Release|x86
		{7E800A63-91D5-42A7-B94D-D2FAA342F820}.Release|x86.Build.0 = Release|x86
		{D10E9B02-F12E-482C-B58D-3EA743238223}.Debug|Any CPU.ActiveCfg = Debug|Any CPU
		{D10E9B02-F12E-482C-B58D-3EA743238223}.Debug|Any CPU.Build.0 = Debug|Any CPU
		{D10E9B02-F12E-482C-B58D-3EA743238223}.Debug|Mixed Platforms.ActiveCfg = Debug|Any CPU
		{D10E9B02-F12E-482C-B58D-3EA743238223}.Debug|Mixed Platforms.Build.0 = Debug|Any CPU
		{D10E9B02-F12E-482C-B58D-3EA743238223}.Debug|Win32.ActiveCfg = Debug|Any CPU
		{D10E9B02-F12E-482C-B58D-3EA743238223}.Debug|x86.ActiveCfg = Debug|Any CPU
		{D10E9B02-F12E-482C-B58D-3EA743238223}.Release|Any CPU.ActiveCfg = Release|Any CPU
		{D10E9B02-F12E-482C-B58D-3EA743238223}.Release|Any CPU.Build.0 = Release|Any CPU
		{D10E9B02-F12E-482C-B58D-3EA743238223}.Release|Mixed Platforms.ActiveCfg = Release|Any CPU
		{D10E9B02-F12E-482C-B58D-3EA743238223}.Release|Mixed Platforms.Build.0 = Release|Any CPU
		{D10E9B02-F12E-482C-B58D-3EA743238223}.Release|Win32.ActiveCfg = Release|Any CPU
		{D10E9B02-F12E-482C-B58D-3EA743238223}.Release|x86.ActiveCfg = Release|Any CPU
	EndGlobalSection
	GlobalSection(SolutionProperties) = preSolution
		HideSolutionNode = FALSE
	EndGlobalSection
EndGlobal
